
Microsoft Visual Studio Solution File, Format Version 12.00
# Visual Studio 15
VisualStudioVersion = 15.0.28307.489
MinimumVisualStudioVersion = 10.0.40219.1
Project("{FAE04EC0-301F-11D3-BF4B-00C04F79EFBC}") = "WebApplication11", "WebApplication11\WebApplication11.csproj", "{4395DB03-DD5F-42A6-9C2E-C99F5080A41D}"
EndProject
Global
	GlobalSection(SolutionConfigurationPlatforms) = preSolution
		Debug|Any CPU = Debug|Any CPU
		Release|Any CPU = Release|Any CPU
	EndGlobalSection
	GlobalSection(ProjectConfigurationPlatforms) = postSolution
		{4395DB03-DD5F-42A6-9C2E-C99F5080A41D}.Debug|Any CPU.ActiveCfg = Debug|Any CPU
		{4395DB03-DD5F-42A6-9C2E-C99F5080A41D}.Debug|Any CPU.Build.0 = Debug|Any CPU
		{4395DB03-DD5F-42A6-9C2E-C99F5080A41D}.Release|Any CPU.ActiveCfg = Release|Any CPU
		{4395DB03-DD5F-42A6-9C2E-C99F5080A41D}.Release|Any CPU.Build.0 = Release|Any CPU
	EndGlobalSection
	GlobalSection(SolutionProperties) = preSolution
		HideSolutionNode = FALSE
	EndGlobalSection
	GlobalSection(ExtensibilityGlobals) = postSolution
		SolutionGuid = {26E68FA1-CBB8-498E-B9AB-B244B71CA52C}
	EndGlobalSection
EndGlobal
